{
  "nodes": {
    "nixpkgs": {
      "locked": {
        "lastModified": 1738906167,
        "narHash": "sha256-OqJKH1Rnbb/nO9ISlfDl47G1vvolHK1KiOcwhxAZ+7A=",
        "owner": "nixos",
        "repo": "nixpkgs",
        "rev": "a01189f647c3a6947d76c22e375420665dce1190",
        "type": "github"
      },
      "original": {
        "owner": "nixos",
        "ref": "master",
        "repo": "nixpkgs",
        "type": "github"
      }
    },
    "root": {
      "inputs": {
        "nixpkgs": "nixpkgs"
      }
    }
  },
  "root": "root",
  "version": 7
}
