{
  "nodes": {
    "nixpkgs": {
      "locked": {
        "lastModified": 1704632462,
        "narHash": "sha256-7HDZK5hqZpltuW+dmy1vmGMZx3Iu4od5yHUZQsExelQ=",
        "owner": "nixos",
        "repo": "nixpkgs",
        "rev": "c98715044f319e9c17430a4eb7e5227ceb4da530",
        "type": "github"
      },
      "original": {
        "owner": "nixos",
        "ref": "master",
        "repo": "nixpkgs",
        "type": "github"
      }
    },
    "root": {
      "inputs": {
        "nixpkgs": "nixpkgs"
      }
    }
  },
  "root": "root",
  "version": 7
}
